{
  "object": {
    "pins": [
      {
        "package": "AnnotationSwift",
        "repositoryURL": "https://github.com/JavierSaldivarRubio/experimental-annotation-swift",
        "state": {
          "branch": null,
          "revision": "ee095a09e69724bd7dca4d6dc4435e4c16016ece",
          "version": "0.0.3"
        }
      }
    ]
  },
  "version": 1
}
